
Microsoft Visual Studio Solution File, Format Version 12.00
# Visual Studio Version 16
VisualStudioVersion = 16.0.29509.3
MinimumVisualStudioVersion = 10.0.40219.1
Project("{FAE04EC0-301F-11D3-BF4B-00C04F79EFBC}") = "Core22", "Core22\Core22.csproj", "{6C8A3BF0-920B-475D-B613-FB421263DA36}"
EndProject
Global
	GlobalSection(SolutionConfigurationPlatforms) = preSolution
		Debug|Any CPU = Debug|Any CPU
		Release|Any CPU = Release|Any CPU
	EndGlobalSection
	GlobalSection(ProjectConfigurationPlatforms) = postSolution
		{6C8A3BF0-920B-475D-B613-FB421263DA36}.Debug|Any CPU.ActiveCfg = Debug|Any CPU
		{6C8A3BF0-920B-475D-B613-FB421263DA36}.Debug|Any CPU.Build.0 = Debug|Any CPU
		{6C8A3BF0-920B-475D-B613-FB421263DA36}.Release|Any CPU.ActiveCfg = Release|Any CPU
		{6C8A3BF0-920B-475D-B613-FB421263DA36}.Release|Any CPU.Build.0 = Release|Any CPU
	EndGlobalSection
	GlobalSection(SolutionProperties) = preSolution
		HideSolutionNode = FALSE
	EndGlobalSection
	GlobalSection(ExtensibilityGlobals) = postSolution
		SolutionGuid = {6224906F-5E25-4499-B571-B9C515D0FCD9}
	EndGlobalSection
EndGlobal
